
Microsoft Visual Studio Solution File, Format Version 12.00
# Visual Studio Version 16
VisualStudioVersion = 16.0.31005.135
MinimumVisualStudioVersion = 10.0.40219.1
Project("{9A19103F-16F7-4668-BE54-9A1E7A4F7556}") = "Lab1-Geometry2D", "Lab1-Geometry2D.csproj", "{8B09EC74-3FAE-46C0-A5FC-F507CF4F7158}"
EndProject
Project("{FAE04EC0-301F-11D3-BF4B-00C04F79EFBC}") = "UnitTestProject", "..\UnitTestProject\UnitTestProject.csproj", "{3D602349-3796-49E0-80AF-551B5B29C034}"
EndProject
Global
	GlobalSection(SolutionConfigurationPlatforms) = preSolution
		Debug|Any CPU = Debug|Any CPU
		Release|Any CPU = Release|Any CPU
	EndGlobalSection
	GlobalSection(ProjectConfigurationPlatforms) = postSolution
		{8B09EC74-3FAE-46C0-A5FC-F507CF4F7158}.Debug|Any CPU.ActiveCfg = Debug|Any CPU
		{8B09EC74-3FAE-46C0-A5FC-F507CF4F7158}.Debug|Any CPU.Build.0 = Debug|Any CPU
		{8B09EC74-3FAE-46C0-A5FC-F507CF4F7158}.Release|Any CPU.ActiveCfg = Release|Any CPU
		{8B09EC74-3FAE-46C0-A5FC-F507CF4F7158}.Release|Any CPU.Build.0 = Release|Any CPU
		{3D602349-3796-49E0-80AF-551B5B29C034}.Debug|Any CPU.ActiveCfg = Debug|Any CPU
		{3D602349-3796-49E0-80AF-551B5B29C034}.Debug|Any CPU.Build.0 = Debug|Any CPU
		{3D602349-3796-49E0-80AF-551B5B29C034}.Release|Any CPU.ActiveCfg = Release|Any CPU
		{3D602349-3796-49E0-80AF-551B5B29C034}.Release|Any CPU.Build.0 = Release|Any CPU
	EndGlobalSection
	GlobalSection(SolutionProperties) = preSolution
		HideSolutionNode = FALSE
	EndGlobalSection
	GlobalSection(ExtensibilityGlobals) = postSolution
		SolutionGuid = {97ACBFC9-FAE8-4457-BF49-7EB7C6A7125F}
	EndGlobalSection
EndGlobal
